// !$*UTF8*$!
{
	archiveVersion = 1;
	classes = {
	};
	objectVersion = 56;
	objects = {

/* Begin PBXBuildFile section */
		126946742A435F950051F65F /* Item.swift in Sources */ = {isa = PBXBuildFile; fileRef = 126946642A435F950051F65F /* Item.swift */; };
		126946752A435F950051F65F /* DataModel.xcdatamodeld in Sources */ = {isa = PBXBuildFile; fileRef = 126946652A435F950051F65F /* DataModel.xcdatamodeld */; };
		126946762A435F950051F65F /* Assets.xcassets in Resources */ = {isa = PBXBuildFile; fileRef = 126946682A435F950051F65F /* Assets.xcassets */; };
		126946772A435F950051F65F /* LaunchScreen.storyboard in Resources */ = {isa = PBXBuildFile; fileRef = 126946692A435F950051F65F /* LaunchScreen.storyboard */; };
		126946782A435F950051F65F /* AppDelegate.swift in Sources */ = {isa = PBXBuildFile; fileRef = 1269466B2A435F950051F65F /* AppDelegate.swift */; };
		126946792A435F950051F65F /* ToDoListViewController.swift in Sources */ = {isa = PBXBuildFile; fileRef = 1269466D2A435F950051F65F /* ToDoListViewController.swift */; };
		1269467A2A435F950051F65F /* CategoryTableViewController.swift in Sources */ = {isa = PBXBuildFile; fileRef = 1269466E2A435F950051F65F /* CategoryTableViewController.swift */; };
		1269467B2A435F950051F65F /* Main.storyboard in Resources */ = {isa = PBXBuildFile; fileRef = 126946702A435F950051F65F /* Main.storyboard */; };
		1269467D2A435F950051F65F /* SceneDelegate.swift in Sources */ = {isa = PBXBuildFile; fileRef = 126946732A435F950051F65F /* SceneDelegate.swift */; };
		12DEDF9C2A438AB000A8226B /* Data.swift in Sources */ = {isa = PBXBuildFile; fileRef = 12DEDF9B2A438AB000A8226B /* Data.swift */; };
		45E651304CB7B8B5F250573C /* Pods_Todoey_Realm.framework in Frameworks */ = {isa = PBXBuildFile; fileRef = 940ADFA77AB74F9E94CD5A4F /* Pods_Todoey_Realm.framework */; };
/* End PBXBuildFile section */

/* Begin PBXFileReference section */
		126946642A435F950051F65F /* Item.swift */ = {isa = PBXFileReference; fileEncoding = 4; lastKnownFileType = sourcecode.swift; path = Item.swift; sourceTree = "<group>"; };
		126946662A435F950051F65F /* DataModel.xcdatamodel */ = {isa = PBXFileReference; lastKnownFileType = wrapper.xcdatamodel; path = DataModel.xcdatamodel; sourceTree = "<group>"; };
		126946682A435F950051F65F /* Assets.xcassets */ = {isa = PBXFileReference; lastKnownFileType = folder.assetcatalog; path = Assets.xcassets; sourceTree = "<group>"; };
		1269466A2A435F950051F65F /* Base */ = {isa = PBXFileReference; lastKnownFileType = file.storyboard; name = Base; path = Base.lproj/LaunchScreen.storyboard; sourceTree = "<group>"; };
		1269466B2A435F950051F65F /* AppDelegate.swift */ = {isa = PBXFileReference; fileEncoding = 4; lastKnownFileType = sourcecode.swift; path = AppDelegate.swift; sourceTree = "<group>"; };
		1269466D2A435F950051F65F /* ToDoListViewController.swift */ = {isa = PBXFileReference; fileEncoding = 4; lastKnownFileType = sourcecode.swift; path = ToDoListViewController.swift; sourceTree = "<group>"; };
		1269466E2A435F950051F65F /* CategoryTableViewController.swift */ = {isa = PBXFileReference; fileEncoding = 4; lastKnownFileType = sourcecode.swift; path = CategoryTableViewController.swift; sourceTree = "<group>"; };
		126946712A435F950051F65F /* Base */ = {isa = PBXFileReference; lastKnownFileType = file.storyboard; name = Base; path = Base.lproj/Main.storyboard; sourceTree = "<group>"; };
		126946722A435F950051F65F /* Info.plist */ = {isa = PBXFileReference; fileEncoding = 4; lastKnownFileType = text.plist.xml; name = Info.plist; path = "Todoey-Realm/Info.plist"; sourceTree = SOURCE_ROOT; };
		126946732A435F950051F65F /* SceneDelegate.swift */ = {isa = PBXFileReference; fileEncoding = 4; lastKnownFileType = sourcecode.swift; path = SceneDelegate.swift; sourceTree = "<group>"; };
		129A6F692A2B542600551588 /* Todoey-Realm.app */ = {isa = PBXFileReference; explicitFileType = wrapper.application; includeInIndex = 0; path = "Todoey-Realm.app"; sourceTree = BUILT_PRODUCTS_DIR; };
		12DEDF9B2A438AB000A8226B /* Data.swift */ = {isa = PBXFileReference; lastKnownFileType = sourcecode.swift; path = Data.swift; sourceTree = "<group>"; };
		476556B2A18D0F91337D90C6 /* Pods-Todoey-Realm.debug.xcconfig */ = {isa = PBXFileReference; includeInIndex = 1; lastKnownFileType = text.xcconfig; name = "Pods-Todoey-Realm.debug.xcconfig"; path = "Target Support Files/Pods-Todoey-Realm/Pods-Todoey-Realm.debug.xcconfig"; sourceTree = "<group>"; };
		940ADFA77AB74F9E94CD5A4F /* Pods_Todoey_Realm.framework */ = {isa = PBXFileReference; explicitFileType = wrapper.framework; includeInIndex = 0; path = Pods_Todoey_Realm.framework; sourceTree = BUILT_PRODUCTS_DIR; };
		D98008B2CDA6A293F5E2D346 /* Pods-Todoey-Realm.release.xcconfig */ = {isa = PBXFileReference; includeInIndex = 1; lastKnownFileType = text.xcconfig; name = "Pods-Todoey-Realm.release.xcconfig"; path = "Target Support Files/Pods-Todoey-Realm/Pods-Todoey-Realm.release.xcconfig"; sourceTree = "<group>"; };
/* End PBXFileReference section */

/* Begin PBXFrameworksBuildPhase section */
		129A6F662A2B542600551588 /* Frameworks */ = {
			isa = PBXFrameworksBuildPhase;
			buildActionMask = 2147483647;
			files = (
				45E651304CB7B8B5F250573C /* Pods_Todoey_Realm.framework in Frameworks */,
			);
			runOnlyForDeploymentPostprocessing = 0;
		};
/* End PBXFrameworksBuildPhase section */

/* Begin PBXGroup section */
		126946622A435F950051F65F /* Todoey-Realm */ = {
			isa = PBXGroup;
			children = (
				126946632A435F950051F65F /* Models */,
				126946672A435F950051F65F /* Supporting Files */,
				1269466B2A435F950051F65F /* AppDelegate.swift */,
				1269466C2A435F950051F65F /* Controllers */,
				1269466F2A435F950051F65F /* Views */,
				126946722A435F950051F65F /* Info.plist */,
				126946732A435F950051F65F /* SceneDelegate.swift */,
			);
			path = "Todoey-Realm";
			sourceTree = SOURCE_ROOT;
		};
		126946632A435F950051F65F /* Models */ = {
			isa = PBXGroup;
			children = (
				126946642A435F950051F65F /* Item.swift */,
				126946652A435F950051F65F /* DataModel.xcdatamodeld */,
				12DEDF9B2A438AB000A8226B /* Data.swift */,
			);
			path = Models;
			sourceTree = "<group>";
		};
		126946672A435F950051F65F /* Supporting Files */ = {
			isa = PBXGroup;
			children = (
				126946682A435F950051F65F /* Assets.xcassets */,
				126946692A435F950051F65F /* LaunchScreen.storyboard */,
			);
			path = "Supporting Files";
			sourceTree = "<group>";
		};
		1269466C2A435F950051F65F /* Controllers */ = {
			isa = PBXGroup;
			children = (
				1269466D2A435F950051F65F /* ToDoListViewController.swift */,
				1269466E2A435F950051F65F /* CategoryTableViewController.swift */,
			);
			path = Controllers;
			sourceTree = "<group>";
		};
		1269466F2A435F950051F65F /* Views */ = {
			isa = PBXGroup;
			children = (
				126946702A435F950051F65F /* Main.storyboard */,
			);
			path = Views;
			sourceTree = "<group>";
		};
		129A6F602A2B542600551588 = {
			isa = PBXGroup;
			children = (
				126946622A435F950051F65F /* Todoey-Realm */,
				129A6F6A2A2B542600551588 /* Products */,
				861739A06DE9E4465D87E750 /* Pods */,
				4C493C6F396A40BBD548BBEF /* Frameworks */,
			);
			sourceTree = "<group>";
		};
		129A6F6A2A2B542600551588 /* Products */ = {
			isa = PBXGroup;
			children = (
				129A6F692A2B542600551588 /* Todoey-Realm.app */,
			);
			name = Products;
			sourceTree = "<group>";
		};
		4C493C6F396A40BBD548BBEF /* Frameworks */ = {
			isa = PBXGroup;
			children = (
				940ADFA77AB74F9E94CD5A4F /* Pods_Todoey_Realm.framework */,
			);
			name = Frameworks;
			sourceTree = "<group>";
		};
		861739A06DE9E4465D87E750 /* Pods */ = {
			isa = PBXGroup;
			children = (
				476556B2A18D0F91337D90C6 /* Pods-Todoey-Realm.debug.xcconfig */,
				D98008B2CDA6A293F5E2D346 /* Pods-Todoey-Realm.release.xcconfig */,
			);
			path = Pods;
			sourceTree = "<group>";
		};
/* End PBXGroup section */

/* Begin PBXNativeTarget section */
		129A6F682A2B542600551588 /* Todoey-Realm */ = {
			isa = PBXNativeTarget;
			buildConfigurationList = 129A6F7D2A2B542700551588 /* Build configuration list for PBXNativeTarget "Todoey-Realm" */;
			buildPhases = (
				2FB9725F265087093A7956EB /* [CP] Check Pods Manifest.lock */,
				129A6F652A2B542600551588 /* Sources */,
				129A6F662A2B542600551588 /* Frameworks */,
				129A6F672A2B542600551588 /* Resources */,
				DFF6D5797F57CD029A6BF988 /* [CP] Embed Pods Frameworks */,
			);
			buildRules = (
			);
			dependencies = (
			);
			name = "Todoey-Realm";
			productName = Todoey;
			productReference = 129A6F692A2B542600551588 /* Todoey-Realm.app */;
			productType = "com.apple.product-type.application";
		};
/* End PBXNativeTarget section */

/* Begin PBXProject section */
		129A6F612A2B542600551588 /* Project object */ = {
			isa = PBXProject;
			attributes = {
				BuildIndependentTargetsInParallel = 1;
				LastSwiftUpdateCheck = 1430;
				LastUpgradeCheck = 1430;
				TargetAttributes = {
					129A6F682A2B542600551588 = {
						CreatedOnToolsVersion = 14.3.1;
					};
				};
			};
			buildConfigurationList = 129A6F642A2B542600551588 /* Build configuration list for PBXProject "Todoey-Realm" */;
			compatibilityVersion = "Xcode 14.0";
			developmentRegion = en;
			hasScannedForEncodings = 0;
			knownRegions = (
				en,
				Base,
			);
			mainGroup = 129A6F602A2B542600551588;
			productRefGroup = 129A6F6A2A2B542600551588 /* Products */;
			projectDirPath = "";
			projectRoot = "";
			targets = (
				129A6F682A2B542600551588 /* Todoey-Realm */,
			);
		};
/* End PBXProject section */

/* Begin PBXResourcesBuildPhase section */
		129A6F672A2B542600551588 /* Resources */ = {
			isa = PBXResourcesBuildPhase;
			buildActionMask = 2147483647;
			files = (
				126946762A435F950051F65F /* Assets.xcassets in Resources */,
				1269467B2A435F950051F65F /* Main.storyboard in Resources */,
				126946772A435F950051F65F /* LaunchScreen.storyboard in Resources */,
			);
			runOnlyForDeploymentPostprocessing = 0;
		};
/* End PBXResourcesBuildPhase section */

/* Begin PBXShellScriptBuildPhase section */
		2FB9725F265087093A7956EB /* [CP] Check Pods Manifest.lock */ = {
			isa = PBXShellScriptBuildPhase;
			buildActionMask = 2147483647;
			files = (
			);
			inputFileListPaths = (
			);
			inputPaths = (
				"${PODS_PODFILE_DIR_PATH}/Podfile.lock",
				"${PODS_ROOT}/Manifest.lock",
			);
			name = "[CP] Check Pods Manifest.lock";
			outputFileListPaths = (
			);
			outputPaths = (
				"$(DERIVED_FILE_DIR)/Pods-Todoey-Realm-checkManifestLockResult.txt",
			);
			runOnlyForDeploymentPostprocessing = 0;
			shellPath = /bin/sh;
			shellScript = "diff \"${PODS_PODFILE_DIR_PATH}/Podfile.lock\" \"${PODS_ROOT}/Manifest.lock\" > /dev/null\nif [ $? != 0 ] ; then\n    # print error to STDERR\n    echo \"error: The sandbox is not in sync with the Podfile.lock. Run 'pod install' or update your CocoaPods installation.\" >&2\n    exit 1\nfi\n# This output is used by Xcode 'outputs' to avoid re-running this script phase.\necho \"SUCCESS\" > \"${SCRIPT_OUTPUT_FILE_0}\"\n";
			showEnvVarsInLog = 0;
		};
		DFF6D5797F57CD029A6BF988 /* [CP] Embed Pods Frameworks */ = {
			isa = PBXShellScriptBuildPhase;
			alwaysOutOfDate = 1;
			buildActionMask = 12;
			files = (
			);
			inputFileListPaths = (
				"${PODS_ROOT}/Target Support Files/Pods-Todoey-Realm/Pods-Todoey-Realm-frameworks-${CONFIGURATION}-input-files.xcfilelist",
			);
			name = "[CP] Embed Pods Frameworks";
			outputFileListPaths = (
				"${PODS_ROOT}/Target Support Files/Pods-Todoey-Realm/Pods-Todoey-Realm-frameworks-${CONFIGURATION}-output-files.xcfilelist",
			);
			runOnlyForDeploymentPostprocessing = 0;
			shellPath = /bin/sh;
			shellScript = "\"${PODS_ROOT}/Target Support Files/Pods-Todoey-Realm/Pods-Todoey-Realm-frameworks.sh\"\n";
			showEnvVarsInLog = 0;
		};
/* End PBXShellScriptBuildPhase section */

/* Begin PBXSourcesBuildPhase section */
		129A6F652A2B542600551588 /* Sources */ = {
			isa = PBXSourcesBuildPhase;
			buildActionMask = 2147483647;
			files = (
				12DEDF9C2A438AB000A8226B /* Data.swift in Sources */,
				126946782A435F950051F65F /* AppDelegate.swift in Sources */,
				126946752A435F950051F65F /* DataModel.xcdatamodeld in Sources */,
				126946742A435F950051F65F /* Item.swift in Sources */,
				1269467D2A435F950051F65F /* SceneDelegate.swift in Sources */,
				1269467A2A435F950051F65F /* CategoryTableViewController.swift in Sources */,
				126946792A435F950051F65F /* ToDoListViewController.swift in Sources */,
			);
			runOnlyForDeploymentPostprocessing = 0;
		};
/* End PBXSourcesBuildPhase section */

/* Begin PBXVariantGroup section */
		126946692A435F950051F65F /* LaunchScreen.storyboard */ = {
			isa = PBXVariantGroup;
			children = (
				1269466A2A435F950051F65F /* Base */,
			);
			name = LaunchScreen.storyboard;
			sourceTree = "<group>";
		};
		126946702A435F950051F65F /* Main.storyboard */ = {
			isa = PBXVariantGroup;
			children = (
				126946712A435F950051F65F /* Base */,
			);
			name = Main.storyboard;
			sourceTree = "<group>";
		};
/* End PBXVariantGroup section */

/* Begin XCBuildConfiguration section */
		129A6F7B2A2B542700551588 /* Debug */ = {
			isa = XCBuildConfiguration;
			buildSettings = {
				ALWAYS_SEARCH_USER_PATHS = NO;
				CLANG_ANALYZER_NONNULL = YES;
				CLANG_ANALYZER_NUMBER_OBJECT_CONVERSION = YES_AGGRESSIVE;
				CLANG_CXX_LANGUAGE_STANDARD = "gnu++20";
				CLANG_ENABLE_MODULES = YES;
				CLANG_ENABLE_OBJC_ARC = YES;
				CLANG_ENABLE_OBJC_WEAK = YES;
				CLANG_WARN_BLOCK_CAPTURE_AUTORELEASING = YES;
				CLANG_WARN_BOOL_CONVERSION = YES;
				CLANG_WARN_COMMA = YES;
				CLANG_WARN_CONSTANT_CONVERSION = YES;
				CLANG_WARN_DEPRECATED_OBJC_IMPLEMENTATIONS = YES;
				CLANG_WARN_DIRECT_OBJC_ISA_USAGE = YES_ERROR;
				CLANG_WARN_DOCUMENTATION_COMMENTS = YES;
				CLANG_WARN_EMPTY_BODY = YES;
				CLANG_WARN_ENUM_CONVERSION = YES;
				CLANG_WARN_INFINITE_RECURSION = YES;
				CLANG_WARN_INT_CONVERSION = YES;
				CLANG_WARN_NON_LITERAL_NULL_CONVERSION = YES;
				CLANG_WARN_OBJC_IMPLICIT_RETAIN_SELF = YES;
				CLANG_WARN_OBJC_LITERAL_CONVERSION = YES;
				CLANG_WARN_OBJC_ROOT_CLASS = YES_ERROR;
				CLANG_WARN_QUOTED_INCLUDE_IN_FRAMEWORK_HEADER = YES;
				CLANG_WARN_RANGE_LOOP_ANALYSIS = YES;
				CLANG_WARN_STRICT_PROTOTYPES = YES;
				CLANG_WARN_SUSPICIOUS_MOVE = YES;
				CLANG_WARN_UNGUARDED_AVAILABILITY = YES_AGGRESSIVE;
				CLANG_WARN_UNREACHABLE_CODE = YES;
				CLANG_WARN__DUPLICATE_METHOD_MATCH = YES;
				COPY_PHASE_STRIP = NO;
				DEBUG_INFORMATION_FORMAT = dwarf;
				ENABLE_STRICT_OBJC_MSGSEND = YES;
				ENABLE_TESTABILITY = YES;
				GCC_C_LANGUAGE_STANDARD = gnu11;
				GCC_DYNAMIC_NO_PIC = NO;
				GCC_NO_COMMON_BLOCKS = YES;
				GCC_OPTIMIZATION_LEVEL = 0;
				GCC_PREPROCESSOR_DEFINITIONS = (
					"DEBUG=1",
					"$(inherited)",
				);
				GCC_WARN_64_TO_32_BIT_CONVERSION = YES;
				GCC_WARN_ABOUT_RETURN_TYPE = YES_ERROR;
				GCC_WARN_UNDECLARED_SELECTOR = YES;
				GCC_WARN_UNINITIALIZED_AUTOS = YES_AGGRESSIVE;
				GCC_WARN_UNUSED_FUNCTION = YES;
				GCC_WARN_UNUSED_VARIABLE = YES;
				IPHONEOS_DEPLOYMENT_TARGET = 15.0;
				MTL_ENABLE_DEBUG_INFO = INCLUDE_SOURCE;
				MTL_FAST_MATH = YES;
				ONLY_ACTIVE_ARCH = YES;
				SDKROOT = iphoneos;
				SWIFT_ACTIVE_COMPILATION_CONDITIONS = DEBUG;
				SWIFT_OPTIMIZATION_LEVEL = "-Onone";
			};
			name = Debug;
		};
		129A6F7C2A2B542700551588 /* Release */ = {
			isa = XCBuildConfiguration;
			buildSettings = {
				ALWAYS_SEARCH_USER_PATHS = NO;
				CLANG_ANALYZER_NONNULL = YES;
				CLANG_ANALYZER_NUMBER_OBJECT_CONVERSION = YES_AGGRESSIVE;
				CLANG_CXX_LANGUAGE_STANDARD = "gnu++20";
				CLANG_ENABLE_MODULES = YES;
				CLANG_ENABLE_OBJC_ARC = YES;
				CLANG_ENABLE_OBJC_WEAK = YES;
				CLANG_WARN_BLOCK_CAPTURE_AUTORELEASING = YES;
				CLANG_WARN_BOOL_CONVERSION = YES;
				CLANG_WARN_COMMA = YES;
				CLANG_WARN_CONSTANT_CONVERSION = YES;
				CLANG_WARN_DEPRECATED_OBJC_IMPLEMENTATIONS = YES;
				CLANG_WARN_DIRECT_OBJC_ISA_USAGE = YES_ERROR;
				CLANG_WARN_DOCUMENTATION_COMMENTS = YES;
				CLANG_WARN_EMPTY_BODY = YES;
				CLANG_WARN_ENUM_CONVERSION = YES;
				CLANG_WARN_INFINITE_RECURSION = YES;
				CLANG_WARN_INT_CONVERSION = YES;
				CLANG_WARN_NON_LITERAL_NULL_CONVERSION = YES;
				CLANG_WARN_OBJC_IMPLICIT_RETAIN_SELF = YES;
				CLANG_WARN_OBJC_LITERAL_CONVERSION = YES;
				CLANG_WARN_OBJC_ROOT_CLASS = YES_ERROR;
				CLANG_WARN_QUOTED_INCLUDE_IN_FRAMEWORK_HEADER = YES;
				CLANG_WARN_RANGE_LOOP_ANALYSIS = YES;
				CLANG_WARN_STRICT_PROTOTYPES = YES;
				CLANG_WARN_SUSPICIOUS_MOVE = YES;
				CLANG_WARN_UNGUARDED_AVAILABILITY = YES_AGGRESSIVE;
				CLANG_WARN_UNREACHABLE_CODE = YES;
				CLANG_WARN__DUPLICATE_METHOD_MATCH = YES;
				COPY_PHASE_STRIP = NO;
				DEBUG_INFORMATION_FORMAT = "dwarf-with-dsym";
				ENABLE_NS_ASSERTIONS = NO;
				ENABLE_STRICT_OBJC_MSGSEND = YES;
				GCC_C_LANGUAGE_STANDARD = gnu11;
				GCC_NO_COMMON_BLOCKS = YES;
				GCC_WARN_64_TO_32_BIT_CONVERSION = YES;
				GCC_WARN_ABOUT_RETURN_TYPE = YES_ERROR;
				GCC_WARN_UNDECLARED_SELECTOR = YES;
				GCC_WARN_UNINITIALIZED_AUTOS = YES_AGGRESSIVE;
				GCC_WARN_UNUSED_FUNCTION = YES;
				GCC_WARN_UNUSED_VARIABLE = YES;
				IPHONEOS_DEPLOYMENT_TARGET = 15.0;
				MTL_ENABLE_DEBUG_INFO = NO;
				MTL_FAST_MATH = YES;
				SDKROOT = iphoneos;
				SWIFT_COMPILATION_MODE = wholemodule;
				SWIFT_OPTIMIZATION_LEVEL = "-O";
				VALIDATE_PRODUCT = YES;
			};
			name = Release;
		};
		129A6F7E2A2B542700551588 /* Debug */ = {
			isa = XCBuildConfiguration;
			baseConfigurationReference = 476556B2A18D0F91337D90C6 /* Pods-Todoey-Realm.debug.xcconfig */;
			buildSettings = {
				ASSETCATALOG_COMPILER_APPICON_NAME = AppIcon;
				ASSETCATALOG_COMPILER_GLOBAL_ACCENT_COLOR_NAME = AccentColor;
				CODE_SIGN_STYLE = Automatic;
				CURRENT_PROJECT_VERSION = 1;
				DEVELOPMENT_TEAM = 5422CL2MVH;
				GENERATE_INFOPLIST_FILE = YES;
				INFOPLIST_FILE = "Todoey-Realm/Info.plist";
				INFOPLIST_KEY_CFBundleDisplayName = "Todoey-Realm";
				INFOPLIST_KEY_LSApplicationCategoryType = "public.app-category.productivity";
				INFOPLIST_KEY_UIApplicationSupportsIndirectInputEvents = YES;
				INFOPLIST_KEY_UILaunchStoryboardName = LaunchScreen;
				INFOPLIST_KEY_UIMainStoryboardFile = Main;
				INFOPLIST_KEY_UISupportedInterfaceOrientations_iPad = "UIInterfaceOrientationPortrait UIInterfaceOrientationPortraitUpsideDown UIInterfaceOrientationLandscapeLeft UIInterfaceOrientationLandscapeRight";
				INFOPLIST_KEY_UISupportedInterfaceOrientations_iPhone = "UIInterfaceOrientationPortrait UIInterfaceOrientationLandscapeLeft UIInterfaceOrientationLandscapeRight";
				IPHONEOS_DEPLOYMENT_TARGET = 15.0;
				LD_RUNPATH_SEARCH_PATHS = (
					"$(inherited)",
					"@executable_path/Frameworks",
				);
				MARKETING_VERSION = 1.0;
				PRODUCT_BUNDLE_IDENTIFIER = "com.ramonseoane.Todoey-Realm";
				PRODUCT_NAME = "$(TARGET_NAME)";
				SWIFT_EMIT_LOC_STRINGS = YES;
				SWIFT_VERSION = 5.0;
				TARGETED_DEVICE_FAMILY = "1,2";
			};
			name = Debug;
		};
		129A6F7F2A2B542700551588 /* Release */ = {
			isa = XCBuildConfiguration;
			baseConfigurationReference = D98008B2CDA6A293F5E2D346 /* Pods-Todoey-Realm.release.xcconfig */;
			buildSettings = {
				ASSETCATALOG_COMPILER_APPICON_NAME = AppIcon;
				ASSETCATALOG_COMPILER_GLOBAL_ACCENT_COLOR_NAME = AccentColor;
				CODE_SIGN_STYLE = Automatic;
				CURRENT_PROJECT_VERSION = 1;
				DEVELOPMENT_TEAM = 5422CL2MVH;
				GENERATE_INFOPLIST_FILE = YES;
				INFOPLIST_FILE = "Todoey-Realm/Info.plist";
				INFOPLIST_KEY_CFBundleDisplayName = "Todoey-Realm";
				INFOPLIST_KEY_LSApplicationCategoryType = "public.app-category.productivity";
				INFOPLIST_KEY_UIApplicationSupportsIndirectInputEvents = YES;
				INFOPLIST_KEY_UILaunchStoryboardName = LaunchScreen;
				INFOPLIST_KEY_UIMainStoryboardFile = Main;
				INFOPLIST_KEY_UISupportedInterfaceOrientations_iPad = "UIInterfaceOrientationPortrait UIInterfaceOrientationPortraitUpsideDown UIInterfaceOrientationLandscapeLeft UIInterfaceOrientationLandscapeRight";
				INFOPLIST_KEY_UISupportedInterfaceOrientations_iPhone = "UIInterfaceOrientationPortrait UIInterfaceOrientationLandscapeLeft UIInterfaceOrientationLandscapeRight";
				IPHONEOS_DEPLOYMENT_TARGET = 15.0;
				LD_RUNPATH_SEARCH_PATHS = (
					"$(inherited)",
					"@executable_path/Frameworks",
				);
				MARKETING_VERSION = 1.0;
				PRODUCT_BUNDLE_IDENTIFIER = "com.ramonseoane.Todoey-Realm";
				PRODUCT_NAME = "$(TARGET_NAME)";
				SWIFT_EMIT_LOC_STRINGS = YES;
				SWIFT_VERSION = 5.0;
				TARGETED_DEVICE_FAMILY = "1,2";
			};
			name = Release;
		};
/* End XCBuildConfiguration section */

/* Begin XCConfigurationList section */
		129A6F642A2B542600551588 /* Build configuration list for PBXProject "Todoey-Realm" */ = {
			isa = XCConfigurationList;
			buildConfigurations = (
				129A6F7B2A2B542700551588 /* Debug */,
				129A6F7C2A2B542700551588 /* Release */,
			);
			defaultConfigurationIsVisible = 0;
			defaultConfigurationName = Release;
		};
		129A6F7D2A2B542700551588 /* Build configuration list for PBXNativeTarget "Todoey-Realm" */ = {
			isa = XCConfigurationList;
			buildConfigurations = (
				129A6F7E2A2B542700551588 /* Debug */,
				129A6F7F2A2B542700551588 /* Release */,
			);
			defaultConfigurationIsVisible = 0;
			defaultConfigurationName = Release;
		};
/* End XCConfigurationList section */

/* Begin XCVersionGroup section */
		126946652A435F950051F65F /* DataModel.xcdatamodeld */ = {
			isa = XCVersionGroup;
			children = (
				126946662A435F950051F65F /* DataModel.xcdatamodel */,
			);
			currentVersion = 126946662A435F950051F65F /* DataModel.xcdatamodel */;
			path = DataModel.xcdatamodeld;
			sourceTree = "<group>";
			versionGroupType = wrapper.xcdatamodel;
		};
/* End XCVersionGroup section */
	};
	rootObject = 129A6F612A2B542600551588 /* Project object */;
}
